
Microsoft Visual Studio Solution File, Format Version 12.00
# Visual Studio Version 17
VisualStudioVersion = 17.4.33103.184
MinimumVisualStudioVersion = 10.0.40219.1
Project("{FAE04EC0-301F-11D3-BF4B-00C04F79EFBC}") = "AFirstEndpoint", "AFirstEndpoint\AFirstEndpoint.csproj", "{FF42DE3B-90E9-418C-AC94-45F2AA31CD23}"
EndProject
Global
	GlobalSection(SolutionConfigurationPlatforms) = preSolution
		Debug|Any CPU = Debug|Any CPU
		Release|Any CPU = Release|Any CPU
	EndGlobalSection
	GlobalSection(ProjectConfigurationPlatforms) = postSolution
		{FF42DE3B-90E9-418C-AC94-45F2AA31CD23}.Debug|Any CPU.ActiveCfg = Debug|Any CPU
		{FF42DE3B-90E9-418C-AC94-45F2AA31CD23}.Debug|Any CPU.Build.0 = Debug|Any CPU
		{FF42DE3B-90E9-418C-AC94-45F2AA31CD23}.Release|Any CPU.ActiveCfg = Release|Any CPU
		{FF42DE3B-90E9-418C-AC94-45F2AA31CD23}.Release|Any CPU.Build.0 = Release|Any CPU
	EndGlobalSection
	GlobalSection(SolutionProperties) = preSolution
		HideSolutionNode = FALSE
	EndGlobalSection
	GlobalSection(ExtensibilityGlobals) = postSolution
		SolutionGuid = {6C9B5536-89D1-449D-B236-2FBE3393279B}
	EndGlobalSection
EndGlobal
